
Microsoft Visual Studio Solution File, Format Version 12.00
# Visual Studio Version 16
VisualStudioVersion = 16.0.31321.278
MinimumVisualStudioVersion = 10.0.40219.1
Project("{FAE04EC0-301F-11D3-BF4B-00C04F79EFBC}") = "POS_ASP", "POS_ASP.csproj", "{EBD4C250-481F-4949-B224-82358D16B4B9}"
EndProject
Global
	GlobalSection(SolutionConfigurationPlatforms) = preSolution
		Debug|Any CPU = Debug|Any CPU
		Release|Any CPU = Release|Any CPU
	EndGlobalSection
	GlobalSection(ProjectConfigurationPlatforms) = postSolution
		{EBD4C250-481F-4949-B224-82358D16B4B9}.Debug|Any CPU.ActiveCfg = Debug|Any CPU
		{EBD4C250-481F-4949-B224-82358D16B4B9}.Debug|Any CPU.Build.0 = Debug|Any CPU
		{EBD4C250-481F-4949-B224-82358D16B4B9}.Release|Any CPU.ActiveCfg = Release|Any CPU
		{EBD4C250-481F-4949-B224-82358D16B4B9}.Release|Any CPU.Build.0 = Release|Any CPU
	EndGlobalSection
	GlobalSection(SolutionProperties) = preSolution
		HideSolutionNode = FALSE
	EndGlobalSection
	GlobalSection(ExtensibilityGlobals) = postSolution
		SolutionGuid = {1D7445EE-0313-4DFD-83B2-9D4DE4C77FEB}
	EndGlobalSection
EndGlobal
